
Microsoft Visual Studio Solution File, Format Version 12.00
# Visual Studio 15
VisualStudioVersion = 15.0.28307.539
MinimumVisualStudioVersion = 10.0.40219.1
Project("{FAE04EC0-301F-11D3-BF4B-00C04F79EFBC}") = "ConsoleApp2", "ConsoleApp2\ConsoleApp2.csproj", "{BBFF0C44-268C-4EFE-A9DD-D5C1F60C8DB4}"
EndProject
Global
	GlobalSection(SolutionConfigurationPlatforms) = preSolution
		Debug|Any CPU = Debug|Any CPU
		Release|Any CPU = Release|Any CPU
	EndGlobalSection
	GlobalSection(ProjectConfigurationPlatforms) = postSolution
		{BBFF0C44-268C-4EFE-A9DD-D5C1F60C8DB4}.Debug|Any CPU.ActiveCfg = Debug|Any CPU
		{BBFF0C44-268C-4EFE-A9DD-D5C1F60C8DB4}.Debug|Any CPU.Build.0 = Debug|Any CPU
		{BBFF0C44-268C-4EFE-A9DD-D5C1F60C8DB4}.Release|Any CPU.ActiveCfg = Release|Any CPU
		{BBFF0C44-268C-4EFE-A9DD-D5C1F60C8DB4}.Release|Any CPU.Build.0 = Release|Any CPU
	EndGlobalSection
	GlobalSection(SolutionProperties) = preSolution
		HideSolutionNode = FALSE
	EndGlobalSection
	GlobalSection(ExtensibilityGlobals) = postSolution
		SolutionGuid = {7A27F8EF-48A5-4C34-A5A0-DFF360F8FD04}
	EndGlobalSection
EndGlobal
